
Microsoft Visual Studio Solution File, Format Version 12.00
# Visual Studio Version 17
VisualStudioVersion = 17.3.32922.545
MinimumVisualStudioVersion = 10.0.40219.1
Project("{FAE04EC0-301F-11D3-BF4B-00C04F79EFBC}") = "IEnumerator_VS_IEnumerable", "IEnumerator_VS_IEnumerable\IEnumerator_VS_IEnumerable.csproj", "{B5461974-8554-47B6-A29F-37DF8A3A6AE7}"
EndProject
Global
	GlobalSection(SolutionConfigurationPlatforms) = preSolution
		Debug|Any CPU = Debug|Any CPU
		Release|Any CPU = Release|Any CPU
	EndGlobalSection
	GlobalSection(ProjectConfigurationPlatforms) = postSolution
		{B5461974-8554-47B6-A29F-37DF8A3A6AE7}.Debug|Any CPU.ActiveCfg = Debug|Any CPU
		{B5461974-8554-47B6-A29F-37DF8A3A6AE7}.Debug|Any CPU.Build.0 = Debug|Any CPU
		{B5461974-8554-47B6-A29F-37DF8A3A6AE7}.Release|Any CPU.ActiveCfg = Release|Any CPU
		{B5461974-8554-47B6-A29F-37DF8A3A6AE7}.Release|Any CPU.Build.0 = Release|Any CPU
	EndGlobalSection
	GlobalSection(SolutionProperties) = preSolution
		HideSolutionNode = FALSE
	EndGlobalSection
	GlobalSection(ExtensibilityGlobals) = postSolution
		SolutionGuid = {3841ACEE-11CE-4086-BF24-058C86F7CE66}
	EndGlobalSection
EndGlobal
